
Microsoft Visual Studio Solution File, Format Version 12.00
# Visual Studio Version 17
VisualStudioVersion = 17.8.34525.116
MinimumVisualStudioVersion = 10.0.40219.1
Project("{FAE04EC0-301F-11D3-BF4B-00C04F79EFBC}") = "TopWordsAnalyzer", "TopWordsAnalyzer\TopWordsAnalyzer.csproj", "{342F7773-25BD-482E-AD16-18564319D996}"
EndProject
Global
	GlobalSection(SolutionConfigurationPlatforms) = preSolution
		Debug|Any CPU = Debug|Any CPU
		Release|Any CPU = Release|Any CPU
	EndGlobalSection
	GlobalSection(ProjectConfigurationPlatforms) = postSolution
		{342F7773-25BD-482E-AD16-18564319D996}.Debug|Any CPU.ActiveCfg = Debug|Any CPU
		{342F7773-25BD-482E-AD16-18564319D996}.Debug|Any CPU.Build.0 = Debug|Any CPU
		{342F7773-25BD-482E-AD16-18564319D996}.Release|Any CPU.ActiveCfg = Release|Any CPU
		{342F7773-25BD-482E-AD16-18564319D996}.Release|Any CPU.Build.0 = Release|Any CPU
	EndGlobalSection
	GlobalSection(SolutionProperties) = preSolution
		HideSolutionNode = FALSE
	EndGlobalSection
	GlobalSection(ExtensibilityGlobals) = postSolution
		SolutionGuid = {5D22DB1A-205D-4E3F-8EE3-4B7BA52A250D}
	EndGlobalSection
EndGlobal
